// !$*UTF8*$!
{
	archiveVersion = 1;
	classes = {
	};
	objectVersion = 50;
	objects = {

/* Begin PBXBuildFile section */
		752B4496270AC980005C7BDF /* PamagaITerApp.swift in Sources */ = {isa = PBXBuildFile; fileRef = 752B4495270AC980005C7BDF /* PamagaITerApp.swift */; };
		752B449A270AC982005C7BDF /* Assets.xcassets in Resources */ = {isa = PBXBuildFile; fileRef = 752B4499270AC982005C7BDF /* Assets.xcassets */; };
		752B449D270AC982005C7BDF /* Preview Assets.xcassets in Resources */ = {isa = PBXBuildFile; fileRef = 752B449C270AC982005C7BDF /* Preview Assets.xcassets */; };
		752B44A7270ACE66005C7BDF /* MainMenuView.swift in Sources */ = {isa = PBXBuildFile; fileRef = 752B44A6270ACE66005C7BDF /* MainMenuView.swift */; };
		752B44AA270ACE8B005C7BDF /* StartInterviewView.swift in Sources */ = {isa = PBXBuildFile; fileRef = 752B44A9270ACE8B005C7BDF /* StartInterviewView.swift */; };
		752B44AC270ACE9E005C7BDF /* StartInterviewContract.swift in Sources */ = {isa = PBXBuildFile; fileRef = 752B44AB270ACE9E005C7BDF /* StartInterviewContract.swift */; };
		752B44AE270ACEAE005C7BDF /* StartInterviewViewModel.swift in Sources */ = {isa = PBXBuildFile; fileRef = 752B44AD270ACEAE005C7BDF /* StartInterviewViewModel.swift */; };
		752B44B1270AD08F005C7BDF /* StartInterviewInputView.swift in Sources */ = {isa = PBXBuildFile; fileRef = 752B44B0270AD08F005C7BDF /* StartInterviewInputView.swift */; };
		752B44B4270AD2C1005C7BDF /* StartInterviewRouter.swift in Sources */ = {isa = PBXBuildFile; fileRef = 752B44B3270AD2C1005C7BDF /* StartInterviewRouter.swift */; };
		752B44B7270AE0A7005C7BDF /* InterviewQuestionsView.swift in Sources */ = {isa = PBXBuildFile; fileRef = 752B44B6270AE0A7005C7BDF /* InterviewQuestionsView.swift */; };
		752B44BA270B0C23005C7BDF /* StartInterviewInputViewModel.swift in Sources */ = {isa = PBXBuildFile; fileRef = 752B44B9270B0C23005C7BDF /* StartInterviewInputViewModel.swift */; };
		752B44BC270B12D2005C7BDF /* InterviewQuestionsContract.swift in Sources */ = {isa = PBXBuildFile; fileRef = 752B44BB270B12D2005C7BDF /* InterviewQuestionsContract.swift */; };
		752B44BE270B12E3005C7BDF /* InterviewQuestionsRouter.swift in Sources */ = {isa = PBXBuildFile; fileRef = 752B44BD270B12E3005C7BDF /* InterviewQuestionsRouter.swift */; };
		752B44C0270B12F4005C7BDF /* InterviewQuestionsViewModel.swift in Sources */ = {isa = PBXBuildFile; fileRef = 752B44BF270B12F4005C7BDF /* InterviewQuestionsViewModel.swift */; };
		752B44C2270B1317005C7BDF /* MainMenuRouter.swift in Sources */ = {isa = PBXBuildFile; fileRef = 752B44C1270B1317005C7BDF /* MainMenuRouter.swift */; };
		752B44C6270B1663005C7BDF /* AppServiceContainer.swift in Sources */ = {isa = PBXBuildFile; fileRef = 752B44C5270B1663005C7BDF /* AppServiceContainer.swift */; };
		752B44C9270B1693005C7BDF /* UserService.swift in Sources */ = {isa = PBXBuildFile; fileRef = 752B44C8270B1693005C7BDF /* UserService.swift */; };
		752B44ED270C6D1F005C7BDF /* User.swift in Sources */ = {isa = PBXBuildFile; fileRef = 752B44EC270C6D1F005C7BDF /* User.swift */; };
		752B44F0270C6E13005C7BDF /* InterviewService.swift in Sources */ = {isa = PBXBuildFile; fileRef = 752B44EF270C6E13005C7BDF /* InterviewService.swift */; };
		752B44F3270C7C3B005C7BDF /* InterviewQuestion.swift in Sources */ = {isa = PBXBuildFile; fileRef = 752B44F2270C7C3B005C7BDF /* InterviewQuestion.swift */; };
		752B44F6270C7E92005C7BDF /* QuestionsStorage.swift in Sources */ = {isa = PBXBuildFile; fileRef = 752B44F5270C7E92005C7BDF /* QuestionsStorage.swift */; };
		752B44F8270C8D43005C7BDF /* InterviewQuestionView.swift in Sources */ = {isa = PBXBuildFile; fileRef = 752B44F7270C8D43005C7BDF /* InterviewQuestionView.swift */; };
		752B44FB270C8D5A005C7BDF /* InterviewQuestionViewModel.swift in Sources */ = {isa = PBXBuildFile; fileRef = 752B44FA270C8D5A005C7BDF /* InterviewQuestionViewModel.swift */; };
		B06E032F271614ED0088FBCE /* InterviewGradeView.swift in Sources */ = {isa = PBXBuildFile; fileRef = B06E032E271614ED0088FBCE /* InterviewGradeView.swift */; };
/* End PBXBuildFile section */

/* Begin PBXFileReference section */
		752B4492270AC980005C7BDF /* PamagaITer.app */ = {isa = PBXFileReference; explicitFileType = wrapper.application; includeInIndex = 0; path = PamagaITer.app; sourceTree = BUILT_PRODUCTS_DIR; };
		752B4495270AC980005C7BDF /* PamagaITerApp.swift */ = {isa = PBXFileReference; lastKnownFileType = sourcecode.swift; path = PamagaITerApp.swift; sourceTree = "<group>"; };
		752B4499270AC982005C7BDF /* Assets.xcassets */ = {isa = PBXFileReference; lastKnownFileType = folder.assetcatalog; path = Assets.xcassets; sourceTree = "<group>"; };
		752B449C270AC982005C7BDF /* Preview Assets.xcassets */ = {isa = PBXFileReference; lastKnownFileType = folder.assetcatalog; path = "Preview Assets.xcassets"; sourceTree = "<group>"; };
		752B449E270AC982005C7BDF /* Info.plist */ = {isa = PBXFileReference; lastKnownFileType = text.plist.xml; path = Info.plist; sourceTree = "<group>"; };
		752B44A6270ACE66005C7BDF /* MainMenuView.swift */ = {isa = PBXFileReference; lastKnownFileType = sourcecode.swift; path = MainMenuView.swift; sourceTree = "<group>"; };
		752B44A9270ACE8B005C7BDF /* StartInterviewView.swift */ = {isa = PBXFileReference; lastKnownFileType = sourcecode.swift; path = StartInterviewView.swift; sourceTree = "<group>"; };
		752B44AB270ACE9E005C7BDF /* StartInterviewContract.swift */ = {isa = PBXFileReference; lastKnownFileType = sourcecode.swift; path = StartInterviewContract.swift; sourceTree = "<group>"; };
		752B44AD270ACEAE005C7BDF /* StartInterviewViewModel.swift */ = {isa = PBXFileReference; lastKnownFileType = sourcecode.swift; path = StartInterviewViewModel.swift; sourceTree = "<group>"; };
		752B44B0270AD08F005C7BDF /* StartInterviewInputView.swift */ = {isa = PBXFileReference; lastKnownFileType = sourcecode.swift; path = StartInterviewInputView.swift; sourceTree = "<group>"; };
		752B44B3270AD2C1005C7BDF /* StartInterviewRouter.swift */ = {isa = PBXFileReference; lastKnownFileType = sourcecode.swift; path = StartInterviewRouter.swift; sourceTree = "<group>"; };
		752B44B6270AE0A7005C7BDF /* InterviewQuestionsView.swift */ = {isa = PBXFileReference; lastKnownFileType = sourcecode.swift; path = InterviewQuestionsView.swift; sourceTree = "<group>"; };
		752B44B9270B0C23005C7BDF /* StartInterviewInputViewModel.swift */ = {isa = PBXFileReference; lastKnownFileType = sourcecode.swift; path = StartInterviewInputViewModel.swift; sourceTree = "<group>"; };
		752B44BB270B12D2005C7BDF /* InterviewQuestionsContract.swift */ = {isa = PBXFileReference; lastKnownFileType = sourcecode.swift; path = InterviewQuestionsContract.swift; sourceTree = "<group>"; };
		752B44BD270B12E3005C7BDF /* InterviewQuestionsRouter.swift */ = {isa = PBXFileReference; lastKnownFileType = sourcecode.swift; path = InterviewQuestionsRouter.swift; sourceTree = "<group>"; };
		752B44BF270B12F4005C7BDF /* InterviewQuestionsViewModel.swift */ = {isa = PBXFileReference; lastKnownFileType = sourcecode.swift; path = InterviewQuestionsViewModel.swift; sourceTree = "<group>"; };
		752B44C1270B1317005C7BDF /* MainMenuRouter.swift */ = {isa = PBXFileReference; lastKnownFileType = sourcecode.swift; path = MainMenuRouter.swift; sourceTree = "<group>"; };
		752B44C5270B1663005C7BDF /* AppServiceContainer.swift */ = {isa = PBXFileReference; lastKnownFileType = sourcecode.swift; path = AppServiceContainer.swift; sourceTree = "<group>"; };
		752B44C8270B1693005C7BDF /* UserService.swift */ = {isa = PBXFileReference; lastKnownFileType = sourcecode.swift; path = UserService.swift; sourceTree = "<group>"; };
		752B44EC270C6D1F005C7BDF /* User.swift */ = {isa = PBXFileReference; lastKnownFileType = sourcecode.swift; path = User.swift; sourceTree = "<group>"; };
		752B44EF270C6E13005C7BDF /* InterviewService.swift */ = {isa = PBXFileReference; lastKnownFileType = sourcecode.swift; path = InterviewService.swift; sourceTree = "<group>"; };
		752B44F2270C7C3B005C7BDF /* InterviewQuestion.swift */ = {isa = PBXFileReference; lastKnownFileType = sourcecode.swift; path = InterviewQuestion.swift; sourceTree = "<group>"; };
		752B44F5270C7E92005C7BDF /* QuestionsStorage.swift */ = {isa = PBXFileReference; lastKnownFileType = sourcecode.swift; path = QuestionsStorage.swift; sourceTree = "<group>"; };
		752B44F7270C8D43005C7BDF /* InterviewQuestionView.swift */ = {isa = PBXFileReference; lastKnownFileType = sourcecode.swift; path = InterviewQuestionView.swift; sourceTree = "<group>"; };
		752B44FA270C8D5A005C7BDF /* InterviewQuestionViewModel.swift */ = {isa = PBXFileReference; lastKnownFileType = sourcecode.swift; path = InterviewQuestionViewModel.swift; sourceTree = "<group>"; };
		B06E032E271614ED0088FBCE /* InterviewGradeView.swift */ = {isa = PBXFileReference; lastKnownFileType = sourcecode.swift; path = InterviewGradeView.swift; sourceTree = "<group>"; };
/* End PBXFileReference section */

/* Begin PBXFrameworksBuildPhase section */
		752B448F270AC980005C7BDF /* Frameworks */ = {
			isa = PBXFrameworksBuildPhase;
			buildActionMask = 2147483647;
			files = (
			);
			runOnlyForDeploymentPostprocessing = 0;
		};
/* End PBXFrameworksBuildPhase section */

/* Begin PBXGroup section */
		752B4489270AC980005C7BDF = {
			isa = PBXGroup;
			children = (
				752B4494270AC980005C7BDF /* PamagaITer */,
				752B4493270AC980005C7BDF /* Products */,
			);
			sourceTree = "<group>";
		};
		752B4493270AC980005C7BDF /* Products */ = {
			isa = PBXGroup;
			children = (
				752B4492270AC980005C7BDF /* PamagaITer.app */,
			);
			name = Products;
			sourceTree = "<group>";
		};
		752B4494270AC980005C7BDF /* PamagaITer */ = {
			isa = PBXGroup;
			children = (
				752B44C4270B164F005C7BDF /* Services */,
				752B44C3270B163D005C7BDF /* UI Modules */,
				752B449E270AC982005C7BDF /* Info.plist */,
				752B44A4270AC989005C7BDF /* App */,
			);
			path = PamagaITer;
			sourceTree = "<group>";
		};
		752B449B270AC982005C7BDF /* Preview Content */ = {
			isa = PBXGroup;
			children = (
				752B449C270AC982005C7BDF /* Preview Assets.xcassets */,
			);
			path = "Preview Content";
			sourceTree = "<group>";
		};
		752B44A4270AC989005C7BDF /* App */ = {
			isa = PBXGroup;
			children = (
				752B4499270AC982005C7BDF /* Assets.xcassets */,
				752B449B270AC982005C7BDF /* Preview Content */,
				752B4495270AC980005C7BDF /* PamagaITerApp.swift */,
			);
			path = App;
			sourceTree = "<group>";
		};
		752B44A5270AC98E005C7BDF /* Main menu */ = {
			isa = PBXGroup;
			children = (
				752B44A6270ACE66005C7BDF /* MainMenuView.swift */,
				752B44C1270B1317005C7BDF /* MainMenuRouter.swift */,
			);
			path = "Main menu";
			sourceTree = "<group>";
		};
		752B44A8270ACE70005C7BDF /* Start Interview */ = {
			isa = PBXGroup;
			children = (
				752B44AF270AD07E005C7BDF /* Views */,
				752B44A9270ACE8B005C7BDF /* StartInterviewView.swift */,
				752B44AB270ACE9E005C7BDF /* StartInterviewContract.swift */,
				752B44AD270ACEAE005C7BDF /* StartInterviewViewModel.swift */,
				752B44B3270AD2C1005C7BDF /* StartInterviewRouter.swift */,
			);
			path = "Start Interview";
			sourceTree = "<group>";
		};
		752B44AF270AD07E005C7BDF /* Views */ = {
			isa = PBXGroup;
			children = (
				752B44B8270B0C13005C7BDF /* Input */,
			);
			path = Views;
			sourceTree = "<group>";
		};
		752B44B5270AE066005C7BDF /* Interview Questions */ = {
			isa = PBXGroup;
			children = (
				752B44F9270C8D49005C7BDF /* Views */,
				752B44B6270AE0A7005C7BDF /* InterviewQuestionsView.swift */,
				752B44BB270B12D2005C7BDF /* InterviewQuestionsContract.swift */,
				752B44BD270B12E3005C7BDF /* InterviewQuestionsRouter.swift */,
				752B44BF270B12F4005C7BDF /* InterviewQuestionsViewModel.swift */,
			);
			path = "Interview Questions";
			sourceTree = "<group>";
		};
		752B44B8270B0C13005C7BDF /* Input */ = {
			isa = PBXGroup;
			children = (
				752B44B0270AD08F005C7BDF /* StartInterviewInputView.swift */,
				752B44B9270B0C23005C7BDF /* StartInterviewInputViewModel.swift */,
			);
			path = Input;
			sourceTree = "<group>";
		};
		752B44C3270B163D005C7BDF /* UI Modules */ = {
			isa = PBXGroup;
			children = (
				752B44A5270AC98E005C7BDF /* Main menu */,
				752B44A8270ACE70005C7BDF /* Start Interview */,
				752B44B5270AE066005C7BDF /* Interview Questions */,
			);
			path = "UI Modules";
			sourceTree = "<group>";
		};
		752B44C4270B164F005C7BDF /* Services */ = {
			isa = PBXGroup;
			children = (
				752B44EE270C6DF5005C7BDF /* Interview */,
				752B44C7270B1686005C7BDF /* User */,
				752B44C5270B1663005C7BDF /* AppServiceContainer.swift */,
			);
			path = Services;
			sourceTree = "<group>";
		};
		752B44C7270B1686005C7BDF /* User */ = {
			isa = PBXGroup;
			children = (
				752B44C8270B1693005C7BDF /* UserService.swift */,
				752B44EC270C6D1F005C7BDF /* User.swift */,
			);
			path = User;
			sourceTree = "<group>";
		};
		752B44EE270C6DF5005C7BDF /* Interview */ = {
			isa = PBXGroup;
			children = (
				752B44F4270C7E52005C7BDF /* Questions */,
			);
			path = Interview;
			sourceTree = "<group>";
		};
		752B44F4270C7E52005C7BDF /* Questions */ = {
			isa = PBXGroup;
			children = (
				752B44F2270C7C3B005C7BDF /* InterviewQuestion.swift */,
				752B44EF270C6E13005C7BDF /* InterviewService.swift */,
				752B44F5270C7E92005C7BDF /* QuestionsStorage.swift */,
			);
			path = Questions;
			sourceTree = "<group>";
		};
		752B44F9270C8D49005C7BDF /* Views */ = {
			isa = PBXGroup;
			children = (
				B06E032D271614D70088FBCE /* Grade */,
				752B44FC270C8DBE005C7BDF /* Question */,
			);
			path = Views;
			sourceTree = "<group>";
		};
		752B44FC270C8DBE005C7BDF /* Question */ = {
			isa = PBXGroup;
			children = (
				752B44F7270C8D43005C7BDF /* InterviewQuestionView.swift */,
				752B44FA270C8D5A005C7BDF /* InterviewQuestionViewModel.swift */,
			);
			path = Question;
			sourceTree = "<group>";
		};
		B06E032D271614D70088FBCE /* Grade */ = {
			isa = PBXGroup;
			children = (
				B06E032E271614ED0088FBCE /* InterviewGradeView.swift */,
			);
			path = Grade;
			sourceTree = "<group>";
		};
/* End PBXGroup section */

/* Begin PBXNativeTarget section */
		752B4491270AC980005C7BDF /* PamagaITer */ = {
			isa = PBXNativeTarget;
			buildConfigurationList = 752B44A1270AC982005C7BDF /* Build configuration list for PBXNativeTarget "PamagaITer" */;
			buildPhases = (
				752B448E270AC980005C7BDF /* Sources */,
				752B448F270AC980005C7BDF /* Frameworks */,
				752B4490270AC980005C7BDF /* Resources */,
			);
			buildRules = (
			);
			dependencies = (
			);
			name = PamagaITer;
			productName = PamagaITer;
			productReference = 752B4492270AC980005C7BDF /* PamagaITer.app */;
			productType = "com.apple.product-type.application";
		};
/* End PBXNativeTarget section */

/* Begin PBXProject section */
		752B448A270AC980005C7BDF /* Project object */ = {
			isa = PBXProject;
			attributes = {
				LastSwiftUpdateCheck = 1250;
				LastUpgradeCheck = 1250;
				TargetAttributes = {
					752B4491270AC980005C7BDF = {
						CreatedOnToolsVersion = 12.5.1;
					};
				};
			};
			buildConfigurationList = 752B448D270AC980005C7BDF /* Build configuration list for PBXProject "PamagaITer" */;
			compatibilityVersion = "Xcode 9.3";
			developmentRegion = en;
			hasScannedForEncodings = 0;
			knownRegions = (
				en,
				Base,
			);
			mainGroup = 752B4489270AC980005C7BDF;
			productRefGroup = 752B4493270AC980005C7BDF /* Products */;
			projectDirPath = "";
			projectRoot = "";
			targets = (
				752B4491270AC980005C7BDF /* PamagaITer */,
			);
		};
/* End PBXProject section */

/* Begin PBXResourcesBuildPhase section */
		752B4490270AC980005C7BDF /* Resources */ = {
			isa = PBXResourcesBuildPhase;
			buildActionMask = 2147483647;
			files = (
				752B449D270AC982005C7BDF /* Preview Assets.xcassets in Resources */,
				752B449A270AC982005C7BDF /* Assets.xcassets in Resources */,
			);
			runOnlyForDeploymentPostprocessing = 0;
		};
/* End PBXResourcesBuildPhase section */

/* Begin PBXSourcesBuildPhase section */
		752B448E270AC980005C7BDF /* Sources */ = {
			isa = PBXSourcesBuildPhase;
			buildActionMask = 2147483647;
			files = (
				752B44C2270B1317005C7BDF /* MainMenuRouter.swift in Sources */,
				752B44AC270ACE9E005C7BDF /* StartInterviewContract.swift in Sources */,
				752B44AE270ACEAE005C7BDF /* StartInterviewViewModel.swift in Sources */,
				752B44F3270C7C3B005C7BDF /* InterviewQuestion.swift in Sources */,
				752B44B7270AE0A7005C7BDF /* InterviewQuestionsView.swift in Sources */,
				752B44F6270C7E92005C7BDF /* QuestionsStorage.swift in Sources */,
				752B44ED270C6D1F005C7BDF /* User.swift in Sources */,
				752B44BA270B0C23005C7BDF /* StartInterviewInputViewModel.swift in Sources */,
				752B44A7270ACE66005C7BDF /* MainMenuView.swift in Sources */,
				752B4496270AC980005C7BDF /* PamagaITerApp.swift in Sources */,
				752B44C6270B1663005C7BDF /* AppServiceContainer.swift in Sources */,
				752B44BE270B12E3005C7BDF /* InterviewQuestionsRouter.swift in Sources */,
				B06E032F271614ED0088FBCE /* InterviewGradeView.swift in Sources */,
				752B44BC270B12D2005C7BDF /* InterviewQuestionsContract.swift in Sources */,
				752B44F0270C6E13005C7BDF /* InterviewService.swift in Sources */,
				752B44FB270C8D5A005C7BDF /* InterviewQuestionViewModel.swift in Sources */,
				752B44F8270C8D43005C7BDF /* InterviewQuestionView.swift in Sources */,
				752B44C0270B12F4005C7BDF /* InterviewQuestionsViewModel.swift in Sources */,
				752B44C9270B1693005C7BDF /* UserService.swift in Sources */,
				752B44AA270ACE8B005C7BDF /* StartInterviewView.swift in Sources */,
				752B44B4270AD2C1005C7BDF /* StartInterviewRouter.swift in Sources */,
				752B44B1270AD08F005C7BDF /* StartInterviewInputView.swift in Sources */,
			);
			runOnlyForDeploymentPostprocessing = 0;
		};
/* End PBXSourcesBuildPhase section */

/* Begin XCBuildConfiguration section */
		752B449F270AC982005C7BDF /* Debug */ = {
			isa = XCBuildConfiguration;
			buildSettings = {
				ALWAYS_SEARCH_USER_PATHS = NO;
				CLANG_ANALYZER_NONNULL = YES;
				CLANG_ANALYZER_NUMBER_OBJECT_CONVERSION = YES_AGGRESSIVE;
				CLANG_CXX_LANGUAGE_STANDARD = "gnu++14";
				CLANG_CXX_LIBRARY = "libc++";
				CLANG_ENABLE_MODULES = YES;
				CLANG_ENABLE_OBJC_ARC = YES;
				CLANG_ENABLE_OBJC_WEAK = YES;
				CLANG_WARN_BLOCK_CAPTURE_AUTORELEASING = YES;
				CLANG_WARN_BOOL_CONVERSION = YES;
				CLANG_WARN_COMMA = YES;
				CLANG_WARN_CONSTANT_CONVERSION = YES;
				CLANG_WARN_DEPRECATED_OBJC_IMPLEMENTATIONS = YES;
				CLANG_WARN_DIRECT_OBJC_ISA_USAGE = YES_ERROR;
				CLANG_WARN_DOCUMENTATION_COMMENTS = YES;
				CLANG_WARN_EMPTY_BODY = YES;
				CLANG_WARN_ENUM_CONVERSION = YES;
				CLANG_WARN_INFINITE_RECURSION = YES;
				CLANG_WARN_INT_CONVERSION = YES;
				CLANG_WARN_NON_LITERAL_NULL_CONVERSION = YES;
				CLANG_WARN_OBJC_IMPLICIT_RETAIN_SELF = YES;
				CLANG_WARN_OBJC_LITERAL_CONVERSION = YES;
				CLANG_WARN_OBJC_ROOT_CLASS = YES_ERROR;
				CLANG_WARN_QUOTED_INCLUDE_IN_FRAMEWORK_HEADER = YES;
				CLANG_WARN_RANGE_LOOP_ANALYSIS = YES;
				CLANG_WARN_STRICT_PROTOTYPES = YES;
				CLANG_WARN_SUSPICIOUS_MOVE = YES;
				CLANG_WARN_UNGUARDED_AVAILABILITY = YES_AGGRESSIVE;
				CLANG_WARN_UNREACHABLE_CODE = YES;
				CLANG_WARN__DUPLICATE_METHOD_MATCH = YES;
				COPY_PHASE_STRIP = NO;
				DEBUG_INFORMATION_FORMAT = dwarf;
				ENABLE_STRICT_OBJC_MSGSEND = YES;
				ENABLE_TESTABILITY = YES;
				GCC_C_LANGUAGE_STANDARD = gnu11;
				GCC_DYNAMIC_NO_PIC = NO;
				GCC_NO_COMMON_BLOCKS = YES;
				GCC_OPTIMIZATION_LEVEL = 0;
				GCC_PREPROCESSOR_DEFINITIONS = (
					"DEBUG=1",
					"$(inherited)",
				);
				GCC_WARN_64_TO_32_BIT_CONVERSION = YES;
				GCC_WARN_ABOUT_RETURN_TYPE = YES_ERROR;
				GCC_WARN_UNDECLARED_SELECTOR = YES;
				GCC_WARN_UNINITIALIZED_AUTOS = YES_AGGRESSIVE;
				GCC_WARN_UNUSED_FUNCTION = YES;
				GCC_WARN_UNUSED_VARIABLE = YES;
				IPHONEOS_DEPLOYMENT_TARGET = 14.5;
				MTL_ENABLE_DEBUG_INFO = INCLUDE_SOURCE;
				MTL_FAST_MATH = YES;
				ONLY_ACTIVE_ARCH = YES;
				SDKROOT = iphoneos;
				SWIFT_ACTIVE_COMPILATION_CONDITIONS = DEBUG;
				SWIFT_OPTIMIZATION_LEVEL = "-Onone";
			};
			name = Debug;
		};
		752B44A0270AC982005C7BDF /* Release */ = {
			isa = XCBuildConfiguration;
			buildSettings = {
				ALWAYS_SEARCH_USER_PATHS = NO;
				CLANG_ANALYZER_NONNULL = YES;
				CLANG_ANALYZER_NUMBER_OBJECT_CONVERSION = YES_AGGRESSIVE;
				CLANG_CXX_LANGUAGE_STANDARD = "gnu++14";
				CLANG_CXX_LIBRARY = "libc++";
				CLANG_ENABLE_MODULES = YES;
				CLANG_ENABLE_OBJC_ARC = YES;
				CLANG_ENABLE_OBJC_WEAK = YES;
				CLANG_WARN_BLOCK_CAPTURE_AUTORELEASING = YES;
				CLANG_WARN_BOOL_CONVERSION = YES;
				CLANG_WARN_COMMA = YES;
				CLANG_WARN_CONSTANT_CONVERSION = YES;
				CLANG_WARN_DEPRECATED_OBJC_IMPLEMENTATIONS = YES;
				CLANG_WARN_DIRECT_OBJC_ISA_USAGE = YES_ERROR;
				CLANG_WARN_DOCUMENTATION_COMMENTS = YES;
				CLANG_WARN_EMPTY_BODY = YES;
				CLANG_WARN_ENUM_CONVERSION = YES;
				CLANG_WARN_INFINITE_RECURSION = YES;
				CLANG_WARN_INT_CONVERSION = YES;
				CLANG_WARN_NON_LITERAL_NULL_CONVERSION = YES;
				CLANG_WARN_OBJC_IMPLICIT_RETAIN_SELF = YES;
				CLANG_WARN_OBJC_LITERAL_CONVERSION = YES;
				CLANG_WARN_OBJC_ROOT_CLASS = YES_ERROR;
				CLANG_WARN_QUOTED_INCLUDE_IN_FRAMEWORK_HEADER = YES;
				CLANG_WARN_RANGE_LOOP_ANALYSIS = YES;
				CLANG_WARN_STRICT_PROTOTYPES = YES;
				CLANG_WARN_SUSPICIOUS_MOVE = YES;
				CLANG_WARN_UNGUARDED_AVAILABILITY = YES_AGGRESSIVE;
				CLANG_WARN_UNREACHABLE_CODE = YES;
				CLANG_WARN__DUPLICATE_METHOD_MATCH = YES;
				COPY_PHASE_STRIP = NO;
				DEBUG_INFORMATION_FORMAT = "dwarf-with-dsym";
				ENABLE_NS_ASSERTIONS = NO;
				ENABLE_STRICT_OBJC_MSGSEND = YES;
				GCC_C_LANGUAGE_STANDARD = gnu11;
				GCC_NO_COMMON_BLOCKS = YES;
				GCC_WARN_64_TO_32_BIT_CONVERSION = YES;
				GCC_WARN_ABOUT_RETURN_TYPE = YES_ERROR;
				GCC_WARN_UNDECLARED_SELECTOR = YES;
				GCC_WARN_UNINITIALIZED_AUTOS = YES_AGGRESSIVE;
				GCC_WARN_UNUSED_FUNCTION = YES;
				GCC_WARN_UNUSED_VARIABLE = YES;
				IPHONEOS_DEPLOYMENT_TARGET = 14.5;
				MTL_ENABLE_DEBUG_INFO = NO;
				MTL_FAST_MATH = YES;
				SDKROOT = iphoneos;
				SWIFT_COMPILATION_MODE = wholemodule;
				SWIFT_OPTIMIZATION_LEVEL = "-O";
				VALIDATE_PRODUCT = YES;
			};
			name = Release;
		};
		752B44A2270AC982005C7BDF /* Debug */ = {
			isa = XCBuildConfiguration;
			buildSettings = {
				ASSETCATALOG_COMPILER_APPICON_NAME = AppIcon;
				ASSETCATALOG_COMPILER_GLOBAL_ACCENT_COLOR_NAME = AccentColor;
				CODE_SIGN_STYLE = Automatic;
				DEVELOPMENT_ASSET_PATHS = "\"PamagaITer/App/Preview Content\"";
				DEVELOPMENT_TEAM = 9U782S4875;
				ENABLE_PREVIEWS = YES;
				INFOPLIST_FILE = PamagaITer/Info.plist;
				IPHONEOS_DEPLOYMENT_TARGET = 14.0;
				LD_RUNPATH_SEARCH_PATHS = (
					"$(inherited)",
					"@executable_path/Frameworks",
				);
				PRODUCT_BUNDLE_IDENTIFIER = com.vitkaz.prod.PamagaITer;
				PRODUCT_NAME = "$(TARGET_NAME)";
				SWIFT_VERSION = 5.0;
				TARGETED_DEVICE_FAMILY = "1,2";
			};
			name = Debug;
		};
		752B44A3270AC982005C7BDF /* Release */ = {
			isa = XCBuildConfiguration;
			buildSettings = {
				ASSETCATALOG_COMPILER_APPICON_NAME = AppIcon;
				ASSETCATALOG_COMPILER_GLOBAL_ACCENT_COLOR_NAME = AccentColor;
				CODE_SIGN_STYLE = Automatic;
				DEVELOPMENT_ASSET_PATHS = "\"PamagaITer/App/Preview Content\"";
				DEVELOPMENT_TEAM = 9U782S4875;
				ENABLE_PREVIEWS = YES;
				INFOPLIST_FILE = PamagaITer/Info.plist;
				IPHONEOS_DEPLOYMENT_TARGET = 14.0;
				LD_RUNPATH_SEARCH_PATHS = (
					"$(inherited)",
					"@executable_path/Frameworks",
				);
				PRODUCT_BUNDLE_IDENTIFIER = com.vitkaz.prod.PamagaITer;
				PRODUCT_NAME = "$(TARGET_NAME)";
				SWIFT_VERSION = 5.0;
				TARGETED_DEVICE_FAMILY = "1,2";
			};
			name = Release;
		};
/* End XCBuildConfiguration section */

/* Begin XCConfigurationList section */
		752B448D270AC980005C7BDF /* Build configuration list for PBXProject "PamagaITer" */ = {
			isa = XCConfigurationList;
			buildConfigurations = (
				752B449F270AC982005C7BDF /* Debug */,
				752B44A0270AC982005C7BDF /* Release */,
			);
			defaultConfigurationIsVisible = 0;
			defaultConfigurationName = Release;
		};
		752B44A1270AC982005C7BDF /* Build configuration list for PBXNativeTarget "PamagaITer" */ = {
			isa = XCConfigurationList;
			buildConfigurations = (
				752B44A2270AC982005C7BDF /* Debug */,
				752B44A3270AC982005C7BDF /* Release */,
			);
			defaultConfigurationIsVisible = 0;
			defaultConfigurationName = Release;
		};
/* End XCConfigurationList section */
	};
	rootObject = 752B448A270AC980005C7BDF /* Project object */;
}
